
Microsoft Visual Studio Solution File, Format Version 11.00
# Visual Studio 2010
Project("{FAE04EC0-301F-11D3-BF4B-00C04F79EFBC}") = "CoponentTest", "CoponentTest\CoponentTest.csproj", "{348F97FC-E4CF-4123-91F4-6F89F2E6AA4B}"
EndProject
Global
	GlobalSection(SolutionConfigurationPlatforms) = preSolution
		Debug|Any CPU = Debug|Any CPU
		Release|Any CPU = Release|Any CPU
	EndGlobalSection
	GlobalSection(ProjectConfigurationPlatforms) = postSolution
		{348F97FC-E4CF-4123-91F4-6F89F2E6AA4B}.Debug|Any CPU.ActiveCfg = Debug|Any CPU
		{348F97FC-E4CF-4123-91F4-6F89F2E6AA4B}.Debug|Any CPU.Build.0 = Debug|Any CPU
		{348F97FC-E4CF-4123-91F4-6F89F2E6AA4B}.Release|Any CPU.ActiveCfg = Release|Any CPU
		{348F97FC-E4CF-4123-91F4-6F89F2E6AA4B}.Release|Any CPU.Build.0 = Release|Any CPU
	EndGlobalSection
	GlobalSection(MonoDevelopProperties) = preSolution
		StartupItem = CoponentTest\CoponentTest.csproj
	EndGlobalSection
EndGlobal
